
Microsoft Visual Studio Solution File, Format Version 12.00
# Visual Studio 2013
VisualStudioVersion = 12.0.30501.0
MinimumVisualStudioVersion = 10.0.40219.1
Project("{FAE04EC0-301F-11D3-BF4B-00C04F79EFBC}") = "GildedRose", "GildedRose.csproj", "{8482F7A2-3490-4BC5-8993-84C58CC82760}"
EndProject
Project("{FAE04EC0-301F-11D3-BF4B-00C04F79EFBC}") = "GildedRose.Tests", "GildedRose.Tests.csproj", "{C3CFBB99-E123-4895-83EF-DBFC76170DBF}"
EndProject
Project("{FAE04EC0-301F-11D3-BF4B-00C04F79EFBC}") = "RunningTheShop", "RunningTheShop.csproj", "{4C6EF4F8-D2C2-4625-9E11-1A433E06131F}"
EndProject
Global
	GlobalSection(SolutionConfigurationPlatforms) = preSolution
		Debug|Any CPU = Debug|Any CPU
		Release|Any CPU = Release|Any CPU
	EndGlobalSection
	GlobalSection(ProjectConfigurationPlatforms) = postSolution
		{8482F7A2-3490-4BC5-8993-84C58CC82760}.Debug|Any CPU.ActiveCfg = Debug|Any CPU
		{8482F7A2-3490-4BC5-8993-84C58CC82760}.Debug|Any CPU.Build.0 = Debug|Any CPU
		{8482F7A2-3490-4BC5-8993-84C58CC82760}.Release|Any CPU.ActiveCfg = Release|Any CPU
		{8482F7A2-3490-4BC5-8993-84C58CC82760}.Release|Any CPU.Build.0 = Release|Any CPU
		{C3CFBB99-E123-4895-83EF-DBFC76170DBF}.Debug|Any CPU.ActiveCfg = Debug|Any CPU
		{C3CFBB99-E123-4895-83EF-DBFC76170DBF}.Debug|Any CPU.Build.0 = Debug|Any CPU
		{C3CFBB99-E123-4895-83EF-DBFC76170DBF}.Release|Any CPU.ActiveCfg = Release|Any CPU
		{C3CFBB99-E123-4895-83EF-DBFC76170DBF}.Release|Any CPU.Build.0 = Release|Any CPU
		{4C6EF4F8-D2C2-4625-9E11-1A433E06131F}.Debug|Any CPU.ActiveCfg = Debug|Any CPU
		{4C6EF4F8-D2C2-4625-9E11-1A433E06131F}.Debug|Any CPU.Build.0 = Debug|Any CPU
		{4C6EF4F8-D2C2-4625-9E11-1A433E06131F}.Release|Any CPU.ActiveCfg = Release|Any CPU
		{4C6EF4F8-D2C2-4625-9E11-1A433E06131F}.Release|Any CPU.Build.0 = Release|Any CPU
	EndGlobalSection
	GlobalSection(SolutionProperties) = preSolution
		HideSolutionNode = FALSE
	EndGlobalSection
EndGlobal
